{
  "nodes": {
    "fenix": {
      "inputs": {
        "nixpkgs": [
          "pkgs"
        ],
        "rust-analyzer-src": "rust-analyzer-src"
      },
      "locked": {
        "lastModified": 1637562311,
        "narHash": "sha256-ldCDRzORj3iBcnP3LFzzhRyaV008r4yd+9pHOgJX3Xg=",
        "owner": "nix-community",
        "repo": "fenix",
        "rev": "610d4f5e393c277f1adee9dd5fb44031900b18b4",
        "type": "github"
      },
      "original": {
        "owner": "nix-community",
        "repo": "fenix",
        "type": "github"
      }
    },
    "naersk": {
      "inputs": {
        "nixpkgs": [
          "pkgs"
        ]
      },
      "locked": {
        "lastModified": 1637576998,
        "narHash": "sha256-bGQ66hh4Dl78T9bd1pqdp6fprHMCkrkeKqED6sDUYqo=",
        "owner": "nmattia",
        "repo": "naersk",
        "rev": "b043f2447a4a761529254f4983cacd94b034a122",
        "type": "github"
      },
      "original": {
        "owner": "nmattia",
        "repo": "naersk",
        "type": "github"
      }
    },
    "nix-filter": {
      "locked": {
        "lastModified": 1620202920,
        "narHash": "sha256-BOkm3eKT45Dk4NNxJT0xL9NnyYeZcF+t79zPnJkggac=",
        "owner": "numtide",
        "repo": "nix-filter",
        "rev": "3c9e33ed627e009428197b07216613206f06ed80",
        "type": "github"
      },
      "original": {
        "owner": "numtide",
        "repo": "nix-filter",
        "type": "github"
      }
    },
    "pkgs": {
      "locked": {
        "lastModified": 1637595801,
        "narHash": "sha256-LkIMwVFKCuEqidaUdg8uxwpESAXjsPo4oCz3eJ7RaRw=",
        "owner": "nixos",
        "repo": "nixpkgs",
        "rev": "263ef4cc4146c9fab808085487438c625d4426a9",
        "type": "github"
      },
      "original": {
        "owner": "nixos",
        "ref": "nixos-unstable",
        "repo": "nixpkgs",
        "type": "github"
      }
    },
    "root": {
      "inputs": {
        "fenix": "fenix",
        "naersk": "naersk",
        "nix-filter": "nix-filter",
        "pkgs": "pkgs",
        "utils": "utils"
      }
    },
    "rust-analyzer-src": {
      "flake": false,
      "locked": {
        "lastModified": 1637524867,
        "narHash": "sha256-uBSrbEPucwk4Lnf3dwNNbjFp6hp1UtQWajBTmMcumuE=",
        "owner": "rust-analyzer",
        "repo": "rust-analyzer",
        "rev": "183ef048f61ae36aa389d1d0345cde940fe788e9",
        "type": "github"
      },
      "original": {
        "owner": "rust-analyzer",
        "ref": "nightly",
        "repo": "rust-analyzer",
        "type": "github"
      }
    },
    "utils": {
      "locked": {
        "lastModified": 1623875721,
        "narHash": "sha256-A8BU7bjS5GirpAUv4QA+QnJ4CceLHkcXdRp4xITDB0s=",
        "owner": "numtide",
        "repo": "flake-utils",
        "rev": "f7e004a55b120c02ecb6219596820fcd32ca8772",
        "type": "github"
      },
      "original": {
        "owner": "numtide",
        "repo": "flake-utils",
        "type": "github"
      }
    }
  },
  "root": "root",
  "version": 7
}
