{
  "requires": true,
  "lockfileVersion": 1,
  "dependencies": {
    "@syncfusion/ej2-base": {
      "version": "22.1.38",
      "resolved": "https://registry.npmjs.org/@syncfusion/ej2-base/-/ej2-base-22.1.38.tgz",
      "integrity": "sha512-kileedNSZVVxTow+IzqNYec9t7RKanBD4gzrGPBqBuFL0JPUJ5AhV3SZkCFt1XSR/bjEqMyta1Q0PPq7HAZQ6g==",
      "requires": {
        "@syncfusion/ej2-icons": "~22.1.34"
      }
    },
    "@syncfusion/ej2-buttons": {
      "version": "22.1.39",
      "resolved": "https://registry.npmjs.org/@syncfusion/ej2-buttons/-/ej2-buttons-22.1.39.tgz",
      "integrity": "sha512-09uWD3S7nSkObEqrQykqB5+lltHV7/8+rxj9DGtgKWwVFFK6COlQkqcfMvBBIVEVC58zRDvrcWO6ofO+41E4sw==",
      "requires": {
        "@syncfusion/ej2-base": "~22.1.38"
      }
    },
    "@syncfusion/ej2-calendars": {
      "version": "22.1.38",
      "resolved": "https://registry.npmjs.org/@syncfusion/ej2-calendars/-/ej2-calendars-22.1.38.tgz",
      "integrity": "sha512-yZAJzWksOUfa5Odxeyup7Fe9EHmNw1UJ1tuHg/68hpKRNGWFVHrgxehiAnC6Srwc7dbLRllJUKgdphQ29t1p3w==",
      "requires": {
        "@syncfusion/ej2-base": "~22.1.38",
        "@syncfusion/ej2-buttons": "~22.1.38",
        "@syncfusion/ej2-inputs": "~22.1.38",
        "@syncfusion/ej2-lists": "~22.1.34",
        "@syncfusion/ej2-popups": "~22.1.38"
      }
    },
    "@syncfusion/ej2-data": {
      "version": "22.1.38",
      "resolved": "https://registry.npmjs.org/@syncfusion/ej2-data/-/ej2-data-22.1.38.tgz",
      "integrity": "sha512-tzmADyW0hRSgfcECV+0lr2h2rCtoFGrdxnfpvsFthzd8TApIcaDdyQNV2FzWnCBmSMmuhXDTt2CgdV5mKw47Yg==",
      "requires": {
        "@syncfusion/ej2-base": "~22.1.38"
      }
    },
    "@syncfusion/ej2-icons": {
      "version": "22.1.34",
      "resolved": "https://registry.npmjs.org/@syncfusion/ej2-icons/-/ej2-icons-22.1.34.tgz",
      "integrity": "sha512-DErl0LGB7gndgdCUJ4DgGkccAAxga6BlqR0nxtYBKetNhQpICkzafiq0o8ZfDR5xV3bguIxHOTLZGYNB3PgVCw=="
    },
    "@syncfusion/ej2-inputs": {
      "version": "22.1.39",
      "resolved": "https://registry.npmjs.org/@syncfusion/ej2-inputs/-/ej2-inputs-22.1.39.tgz",
      "integrity": "sha512-Cph5e0nUy1L+pY2OG5Syc7FmSTd8+o7Exsxt3rr65/0oi1W5iOfwP1Rs8N1c2Pez2CVqv5ri/OhcIsVrdjV7Ng==",
      "requires": {
        "@syncfusion/ej2-base": "~22.1.38",
        "@syncfusion/ej2-buttons": "~22.1.39",
        "@syncfusion/ej2-popups": "~22.1.38",
        "@syncfusion/ej2-splitbuttons": "~22.1.37"
      }
    },
    "@syncfusion/ej2-lists": {
      "version": "22.1.34",
      "resolved": "https://registry.npmjs.org/@syncfusion/ej2-lists/-/ej2-lists-22.1.34.tgz",
      "integrity": "sha512-fiOuLBXIWFh1Gf3VzCvhjJvOGLbreRnbEHqLyb7frTDM8hHNMYag53f+OwGF/+PG3X+M4eQmia/Lik3iJDaHTA==",
      "requires": {
        "@syncfusion/ej2-base": "~22.1.34",
        "@syncfusion/ej2-buttons": "~22.1.34",
        "@syncfusion/ej2-data": "~22.1.34"
      }
    },
    "@syncfusion/ej2-popups": {
      "version": "22.1.38",
      "resolved": "https://registry.npmjs.org/@syncfusion/ej2-popups/-/ej2-popups-22.1.38.tgz",
      "integrity": "sha512-gjCW1kZ5QqYXeimq2C7db4PGOKRx61152cOJydItoY6lBg5xN+SVOjwpVIRfSqh3bnbuqbJhg00vrE9FZDy//Q==",
      "requires": {
        "@syncfusion/ej2-base": "~22.1.38",
        "@syncfusion/ej2-buttons": "~22.1.38"
      }
    },
    "@syncfusion/ej2-react-base": {
      "version": "22.2.5",
      "resolved": "https://registry.npmjs.org/@syncfusion/ej2-react-base/-/ej2-react-base-22.2.5.tgz",
      "integrity": "sha512-EoYaVKOpgcFB5NXySLcZDxvwS6ER8Y2QrWVcHLVgCGfnTqbzfbpiXjkWLIKGI4V9C8OsOENrhn/ta1NboevbVA==",
      "requires": {
        "@syncfusion/ej2-base": "~22.2.5"
      },
      "dependencies": {
        "@syncfusion/ej2-base": {
          "version": "22.2.9",
          "resolved": "https://registry.npmjs.org/@syncfusion/ej2-base/-/ej2-base-22.2.9.tgz",
          "integrity": "sha512-8oSAl8QaAqbqZAPW90DTbPmCdqMFyaIJVqr4D9VRNpeUl4UFGmeN1ICWZMC1Am4trvXmrPrp8YbU/yBI0v9keQ==",
          "requires": {
            "@syncfusion/ej2-icons": "~22.2.5"
          }
        },
        "@syncfusion/ej2-icons": {
          "version": "22.2.5",
          "resolved": "https://registry.npmjs.org/@syncfusion/ej2-icons/-/ej2-icons-22.2.5.tgz",
          "integrity": "sha512-gNfUKBZ3kQNCX9fPDYai0xDVXbMPpmTSA9/tcuAv2rJhilCtkL7WSof5dPV/z9IOX8tjWYW/KCOdaTpxMPDQlg=="
        }
      }
    },
    "@syncfusion/ej2-react-calendars": {
      "version": "22.2.11",
      "resolved": "https://registry.npmjs.org/@syncfusion/ej2-react-calendars/-/ej2-react-calendars-22.2.11.tgz",
      "integrity": "sha512-ZF1o7xQEezlO44kTio1HzvVpJ7zLTdpO4SunHIp/EHTNKiJ1A3tTe5A2tWZm+ZglXg+j6CNLKJZuFOQb05dI4Q==",
      "requires": {
        "@syncfusion/ej2-base": "~22.2.10",
        "@syncfusion/ej2-calendars": "22.2.11",
        "@syncfusion/ej2-react-base": "~22.2.5"
      },
      "dependencies": {
        "@syncfusion/ej2-base": {
          "version": "22.2.10",
          "resolved": "https://registry.npmjs.org/@syncfusion/ej2-base/-/ej2-base-22.2.10.tgz",
          "integrity": "sha512-I8qtgRX54KIcjo2meiu50bNHIYeTGj2Pg3kD1jUgOrSx1Ctr0xKUSekz2INCi14XjtwpubZ3wAauErJ1oflJCA==",
          "requires": {
            "@syncfusion/ej2-icons": "~22.2.5"
          }
        },
        "@syncfusion/ej2-buttons": {
          "version": "22.2.9",
          "resolved": "https://registry.npmjs.org/@syncfusion/ej2-buttons/-/ej2-buttons-22.2.9.tgz",
          "integrity": "sha512-D4QbitRDTuO1xuDIAWbMABYGXpKWCOyUZEq9NbUn68zMCaXFX4u4clwAFcxN24XX98mey4pFPL6GLvNnpXWdHQ==",
          "requires": {
            "@syncfusion/ej2-base": "~22.2.9"
          }
        },
        "@syncfusion/ej2-calendars": {
          "version": "22.2.11",
          "resolved": "https://registry.npmjs.org/@syncfusion/ej2-calendars/-/ej2-calendars-22.2.11.tgz",
          "integrity": "sha512-R7fX7+mX6Vto8j+Ha3GSV6qYYBdbRgXR+2peOk52zs5Nqo54qznL4fhWi8DCVExIunJaSEkj5yIeflxW+v5spA==",
          "requires": {
            "@syncfusion/ej2-base": "~22.2.10",
            "@syncfusion/ej2-buttons": "~22.2.9",
            "@syncfusion/ej2-inputs": "~22.2.9",
            "@syncfusion/ej2-lists": "~22.2.11",
            "@syncfusion/ej2-popups": "~22.2.11"
          }
        },
        "@syncfusion/ej2-data": {
          "version": "22.2.5",
          "resolved": "https://registry.npmjs.org/@syncfusion/ej2-data/-/ej2-data-22.2.5.tgz",
          "integrity": "sha512-RV+ZHrZAQfV+Iey3yaemgvyYiBvdlAw+7N1GYzXnDO1xi3pZl4PxYlh/TM6Im/dNy1VMz42NdpPVlkRvfi1fVg==",
          "requires": {
            "@syncfusion/ej2-base": "~22.2.5"
          }
        },
        "@syncfusion/ej2-icons": {
          "version": "22.2.5",
          "resolved": "https://registry.npmjs.org/@syncfusion/ej2-icons/-/ej2-icons-22.2.5.tgz",
          "integrity": "sha512-gNfUKBZ3kQNCX9fPDYai0xDVXbMPpmTSA9/tcuAv2rJhilCtkL7WSof5dPV/z9IOX8tjWYW/KCOdaTpxMPDQlg=="
        },
        "@syncfusion/ej2-inputs": {
          "version": "22.2.9",
          "resolved": "https://registry.npmjs.org/@syncfusion/ej2-inputs/-/ej2-inputs-22.2.9.tgz",
          "integrity": "sha512-k0kgaC4/Vp0xsem1prlLuYSJuPB8pSKdYMV8eCKRKkhpzLY5LXoiNejhhDiQYSXBGpNxrJ6WU0WJg2x/jBS2Wg==",
          "requires": {
            "@syncfusion/ej2-base": "~22.2.9",
            "@syncfusion/ej2-buttons": "~22.2.9",
            "@syncfusion/ej2-popups": "~22.2.9",
            "@syncfusion/ej2-splitbuttons": "~22.2.8"
          }
        },
        "@syncfusion/ej2-lists": {
          "version": "22.2.11",
          "resolved": "https://registry.npmjs.org/@syncfusion/ej2-lists/-/ej2-lists-22.2.11.tgz",
          "integrity": "sha512-YPHZAAfNNbFTFg8EqPR2H+YSVPUMMkbWUlClOz6F0Ha67d7+uG2QUgPya9r+klXn2az4Ca7bwABjpxyKSUCkGA==",
          "requires": {
            "@syncfusion/ej2-base": "~22.2.10",
            "@syncfusion/ej2-buttons": "~22.2.9",
            "@syncfusion/ej2-data": "~22.2.5"
          }
        },
        "@syncfusion/ej2-popups": {
          "version": "22.2.11",
          "resolved": "https://registry.npmjs.org/@syncfusion/ej2-popups/-/ej2-popups-22.2.11.tgz",
          "integrity": "sha512-xW9JO9sTqWCNQEuFHOPwDF8cBnNlRxNKBnOws+G18YMF+DTKz5a7XZg09tCRU9EFG1CDv1DpR05YvvH+2hMicA==",
          "requires": {
            "@syncfusion/ej2-base": "~22.2.10",
            "@syncfusion/ej2-buttons": "~22.2.9"
          }
        },
        "@syncfusion/ej2-splitbuttons": {
          "version": "22.2.8",
          "resolved": "https://registry.npmjs.org/@syncfusion/ej2-splitbuttons/-/ej2-splitbuttons-22.2.8.tgz",
          "integrity": "sha512-+zo3enSHDtD7yDx1frm2+XlFEQV6uKBriE2wGt+vtZnnyzaESqRFEqxOAtQCFxN3RDMmGRiUT6qwiNSXY4rDeQ==",
          "requires": {
            "@syncfusion/ej2-base": "~22.2.5",
            "@syncfusion/ej2-popups": "~22.2.7"
          }
        }
      }
    },
    "@syncfusion/ej2-splitbuttons": {
      "version": "22.1.37",
      "resolved": "https://registry.npmjs.org/@syncfusion/ej2-splitbuttons/-/ej2-splitbuttons-22.1.37.tgz",
      "integrity": "sha512-mgzQV/E6pEykS1jL9BzDFxq1afRx/OMgbEWR2TVXP2DOKmhLzbObBm8dnvUm1u4WAHceh6JEtUNJs8QELv8Y8g==",
      "requires": {
        "@syncfusion/ej2-base": "~22.1.34",
        "@syncfusion/ej2-popups": "~22.1.37"
      }
    }
  }
}
