# THIS IS AN AUTOGENERATED FILE. DO NOT EDIT THIS FILE DIRECTLY.
# yarn lockfile v1


cookie@^1.0.1:
  version "1.1.1"
  resolved "https://registry.npmjs.org/cookie/-/cookie-1.1.1.tgz"
  integrity sha512-ei8Aos7ja0weRpFzJnEA9UHJ/7XQmqglbRwnf2ATjcB9Wq874VKH9kfjjirM6UhU2/E5fFYadylyhFldcqSidQ==

react-dom@>=18:
  version "19.2.5"
  resolved "https://registry.npmjs.org/react-dom/-/react-dom-19.2.5.tgz"
  integrity sha512-J5bAZz+DXMMwW/wV3xzKke59Af6CHY7G4uYLN1OvBcKEsWOs4pQExj86BBKamxl/Ik5bx9whOrvBlSDfWzgSag==
  dependencies:
    scheduler "^0.27.0"

react-router-dom@^7.14.2:
  version "7.14.2"
  resolved "https://registry.npmjs.org/react-router-dom/-/react-router-dom-7.14.2.tgz"
  integrity sha512-YZcM5ES8jJSM+KrJ9BdvHHqlnGTg5tH3sC5ChFRj4inosKctdyzBDhOyyHdGk597q2OT6NTrCA1OvB/YDwfekQ==
  dependencies:
    react-router "7.14.2"

react-router@7.14.2:
  version "7.14.2"
  resolved "https://registry.npmjs.org/react-router/-/react-router-7.14.2.tgz"
  integrity sha512-yCqNne6I8IB6rVCH7XUvlBK7/QKyqypBFGv+8dj4QBFJiiRX+FG7/nkdAvGElyvVZ/HQP5N19wzteuTARXi5Gw==
  dependencies:
    cookie "^1.0.1"
    set-cookie-parser "^2.6.0"

react@^19.2.5, react@>=18:
  version "19.2.5"
  resolved "https://registry.npmjs.org/react/-/react-19.2.5.tgz"
  integrity sha512-llUJLzz1zTUBrskt2pwZgLq59AemifIftw4aB7JxOqf1HY2FDaGDxgwpAPVzHU1kdWabH7FauP4i1oEeer2WCA==

scheduler@^0.27.0:
  version "0.27.0"
  resolved "https://registry.npmjs.org/scheduler/-/scheduler-0.27.0.tgz"
  integrity sha512-eNv+WrVbKu1f3vbYJT/xtiF5syA5HPIMtf9IgY/nKg0sWqzAUEvqY/xm7OcZc/qafLx/iO9FgOmeSAp4v5ti/Q==

set-cookie-parser@^2.6.0:
  version "2.7.2"
  resolved "https://registry.npmjs.org/set-cookie-parser/-/set-cookie-parser-2.7.2.tgz"
  integrity sha512-oeM1lpU/UvhTxw+g3cIfxXHyJRc/uidd3yK1P242gzHds0udQBYzs3y8j4gCCW+ZJ7ad0yctld8RYO+bdurlvw==
