# THIS IS AN AUTOGENERATED FILE. DO NOT EDIT THIS FILE DIRECTLY.
# yarn lockfile v1


graphql@16.3.0:
  version "16.3.0"
  resolved "https://registry.yarnpkg.com/graphql/-/graphql-16.3.0.tgz#a91e24d10babf9e60c706919bb182b53ccdffc05"
  integrity sha512-xm+ANmA16BzCT5pLjuXySbQVFwH3oJctUVdy81w1sV0vBU0KgDdBGtxQOUd5zqOBk/JayAFeG8Dlmeq74rjm/A==
