# THIS IS AN AUTOGENERATED FILE. DO NOT EDIT THIS FILE DIRECTLY.
# yarn lockfile v1


"@babel/runtime@^7.20.13":
  version "7.28.4"
  resolved "https://registry.yarnpkg.com/@babel/runtime/-/runtime-7.28.4.tgz#a70226016fabe25c5783b2f22d3e1c9bc5ca3326"
  integrity sha512-Q/N6JNWvIvPnLDvjlE1OUBLPQHH6l3CltCEsHIujp45zQUSSh8K+gHnaEX45yAT1nyngnINhvWtzN+Nb9D8RAQ==

"@types/react-textarea-autosize@^8.0.0":
  version "8.0.0"
  resolved "https://registry.yarnpkg.com/@types/react-textarea-autosize/-/react-textarea-autosize-8.0.0.tgz#f68f388552aaa608328b3e352d9a23ad7e0f72e4"
  integrity sha512-KVqk+/+RMQB3ZDpk7ZTpYHauU3Ue+Y0f09POvGaEpaGb+izzbpoM47tkDGlbF37iT7JYZ8QFwLzqiOPYbQaztA==
  dependencies:
    react-textarea-autosize "*"

graphql@16.3.0:
  version "16.3.0"
  resolved "https://registry.yarnpkg.com/graphql/-/graphql-16.3.0.tgz#a91e24d10babf9e60c706919bb182b53ccdffc05"
  integrity sha512-xm+ANmA16BzCT5pLjuXySbQVFwH3oJctUVdy81w1sV0vBU0KgDdBGtxQOUd5zqOBk/JayAFeG8Dlmeq74rjm/A==

react-textarea-autosize@*, react-textarea-autosize@^8.5.9:
  version "8.5.9"
  resolved "https://registry.yarnpkg.com/react-textarea-autosize/-/react-textarea-autosize-8.5.9.tgz#ab8627b09aa04d8a2f45d5b5cd94c84d1d4a8893"
  integrity sha512-U1DGlIQN5AwgjTyOEnI1oCcMuEr1pv1qOtklB2l4nyMGbHzWrI0eFsYK0zos2YWqAolJyG0IWJaqWmWj5ETh0A==
  dependencies:
    "@babel/runtime" "^7.20.13"
    use-composed-ref "^1.3.0"
    use-latest "^1.2.1"

use-composed-ref@^1.3.0:
  version "1.4.0"
  resolved "https://registry.yarnpkg.com/use-composed-ref/-/use-composed-ref-1.4.0.tgz#09e023bf798d005286ad85cd20674bdf5770653b"
  integrity sha512-djviaxuOOh7wkj0paeO1Q/4wMZ8Zrnag5H6yBvzN7AKKe8beOaED9SF5/ByLqsku8NP4zQqsvM2u3ew/tJK8/w==

use-isomorphic-layout-effect@^1.1.1:
  version "1.2.1"
  resolved "https://registry.yarnpkg.com/use-isomorphic-layout-effect/-/use-isomorphic-layout-effect-1.2.1.tgz#2f11a525628f56424521c748feabc2ffcc962fce"
  integrity sha512-tpZZ+EX0gaghDAiFR37hj5MgY6ZN55kLiPkJsKxBMZ6GZdOSPJXiOzPM984oPYZ5AnehYx5WQp1+ME8I/P/pRA==

use-latest@^1.2.1:
  version "1.3.0"
  resolved "https://registry.yarnpkg.com/use-latest/-/use-latest-1.3.0.tgz#549b9b0d4c1761862072f0899c6f096eb379137a"
  integrity sha512-mhg3xdm9NaM8q+gLT8KryJPnRFOz1/5XPBhmDEVZK1webPzDjrPk7f/mbpeLqTgB9msytYWANxgALOCJKnLvcQ==
  dependencies:
    use-isomorphic-layout-effect "^1.1.1"
